
Microsoft Visual Studio Solution File, Format Version 12.00
# Visual Studio Version 17
VisualStudioVersion = 17.3.32929.385
MinimumVisualStudioVersion = 10.0.40219.1
Project("{9A19103F-16F7-4668-BE54-9A1E7A4F7556}") = "GFS_Spiel", "GFS_Spiel.csproj", "{70431562-4442-4EAA-B7A5-865CD7235347}"
EndProject
Global
	GlobalSection(SolutionConfigurationPlatforms) = preSolution
		Debug|Any CPU = Debug|Any CPU
		Release|Any CPU = Release|Any CPU
	EndGlobalSection
	GlobalSection(ProjectConfigurationPlatforms) = postSolution
		{70431562-4442-4EAA-B7A5-865CD7235347}.Debug|Any CPU.ActiveCfg = Debug|Any CPU
		{70431562-4442-4EAA-B7A5-865CD7235347}.Debug|Any CPU.Build.0 = Debug|Any CPU
		{70431562-4442-4EAA-B7A5-865CD7235347}.Release|Any CPU.ActiveCfg = Release|Any CPU
		{70431562-4442-4EAA-B7A5-865CD7235347}.Release|Any CPU.Build.0 = Release|Any CPU
	EndGlobalSection
	GlobalSection(SolutionProperties) = preSolution
		HideSolutionNode = FALSE
	EndGlobalSection
	GlobalSection(ExtensibilityGlobals) = postSolution
		SolutionGuid = {5E0840EA-991C-45EC-BF03-E46B9FA766B6}
	EndGlobalSection
EndGlobal
